
Microsoft Visual Studio Solution File, Format Version 12.00
# Visual Studio 15
VisualStudioVersion = 15.0.28010.2036
MinimumVisualStudioVersion = 10.0.40219.1
Project("{FAE04EC0-301F-11D3-BF4B-00C04F79EFBC}") = "Carregador de Bateria Fotovoltaico", "Carregador de Bateria Fotovoltaico\Carregador de Bateria Fotovoltaico.csproj", "{5C5DAD66-19D2-4FE3-B62D-3A2E6C04D6C0}"
EndProject
Global
	GlobalSection(SolutionConfigurationPlatforms) = preSolution
		Debug|Any CPU = Debug|Any CPU
		Release|Any CPU = Release|Any CPU
	EndGlobalSection
	GlobalSection(ProjectConfigurationPlatforms) = postSolution
		{5C5DAD66-19D2-4FE3-B62D-3A2E6C04D6C0}.Debug|Any CPU.ActiveCfg = Debug|Any CPU
		{5C5DAD66-19D2-4FE3-B62D-3A2E6C04D6C0}.Debug|Any CPU.Build.0 = Debug|Any CPU
		{5C5DAD66-19D2-4FE3-B62D-3A2E6C04D6C0}.Release|Any CPU.ActiveCfg = Release|Any CPU
		{5C5DAD66-19D2-4FE3-B62D-3A2E6C04D6C0}.Release|Any CPU.Build.0 = Release|Any CPU
	EndGlobalSection
	GlobalSection(SolutionProperties) = preSolution
		HideSolutionNode = FALSE
	EndGlobalSection
	GlobalSection(ExtensibilityGlobals) = postSolution
		SolutionGuid = {32797AAC-8E57-4B92-99B4-C54E16E5608D}
	EndGlobalSection
EndGlobal
